
Microsoft Visual Studio Solution File, Format Version 12.00
# Visual Studio Version 16
VisualStudioVersion = 16.0.31911.196
MinimumVisualStudioVersion = 10.0.40219.1
Project("{FAE04EC0-301F-11D3-BF4B-00C04F79EFBC}") = "BookReviews.API", "BookReviews.API\BookReviews.API.csproj", "{F8D87265-5102-4A6F-B67B-28E7B60907F9}"
EndProject
Project("{FAE04EC0-301F-11D3-BF4B-00C04F79EFBC}") = "BookReviews.ConsoleApp", "BookReviews.ConsoleApp\BookReviews.ConsoleApp.csproj", "{D511BDAA-052A-41F3-86B1-4324D17BA1B5}"
EndProject
Global
	GlobalSection(SolutionConfigurationPlatforms) = preSolution
		Debug|Any CPU = Debug|Any CPU
		Release|Any CPU = Release|Any CPU
	EndGlobalSection
	GlobalSection(ProjectConfigurationPlatforms) = postSolution
		{F8D87265-5102-4A6F-B67B-28E7B60907F9}.Debug|Any CPU.ActiveCfg = Debug|Any CPU
		{F8D87265-5102-4A6F-B67B-28E7B60907F9}.Debug|Any CPU.Build.0 = Debug|Any CPU
		{F8D87265-5102-4A6F-B67B-28E7B60907F9}.Release|Any CPU.ActiveCfg = Release|Any CPU
		{F8D87265-5102-4A6F-B67B-28E7B60907F9}.Release|Any CPU.Build.0 = Release|Any CPU
		{D511BDAA-052A-41F3-86B1-4324D17BA1B5}.Debug|Any CPU.ActiveCfg = Debug|Any CPU
		{D511BDAA-052A-41F3-86B1-4324D17BA1B5}.Debug|Any CPU.Build.0 = Debug|Any CPU
		{D511BDAA-052A-41F3-86B1-4324D17BA1B5}.Release|Any CPU.ActiveCfg = Release|Any CPU
		{D511BDAA-052A-41F3-86B1-4324D17BA1B5}.Release|Any CPU.Build.0 = Release|Any CPU
	EndGlobalSection
	GlobalSection(SolutionProperties) = preSolution
		HideSolutionNode = FALSE
	EndGlobalSection
	GlobalSection(ExtensibilityGlobals) = postSolution
		SolutionGuid = {D6BC8A0D-EE34-413F-9407-78BB9CE679C5}
	EndGlobalSection
EndGlobal
